
Microsoft Visual Studio Solution File, Format Version 12.00
# Visual Studio 2012
Project("{FAE04EC0-301F-11D3-BF4B-00C04F79EFBC}") = "My News", "My News\My News.csproj", "{9319C470-7E70-4D0D-BF58-9EECCFEC0D0B}"
EndProject
Global
	GlobalSection(SolutionConfigurationPlatforms) = preSolution
		CD_ROM|x86 = CD_ROM|x86
		Debug|x86 = Debug|x86
		DVD-5|x86 = DVD-5|x86
		Release|x86 = Release|x86
		SingleImage|x86 = SingleImage|x86
	EndGlobalSection
	GlobalSection(ProjectConfigurationPlatforms) = postSolution
		{9319C470-7E70-4D0D-BF58-9EECCFEC0D0B}.CD_ROM|x86.ActiveCfg = Release|x86
		{9319C470-7E70-4D0D-BF58-9EECCFEC0D0B}.CD_ROM|x86.Build.0 = Release|x86
		{9319C470-7E70-4D0D-BF58-9EECCFEC0D0B}.Debug|x86.ActiveCfg = Debug|x86
		{9319C470-7E70-4D0D-BF58-9EECCFEC0D0B}.Debug|x86.Build.0 = Debug|x86
		{9319C470-7E70-4D0D-BF58-9EECCFEC0D0B}.DVD-5|x86.ActiveCfg = Debug|x86
		{9319C470-7E70-4D0D-BF58-9EECCFEC0D0B}.DVD-5|x86.Build.0 = Debug|x86
		{9319C470-7E70-4D0D-BF58-9EECCFEC0D0B}.Release|x86.ActiveCfg = Release|x86
		{9319C470-7E70-4D0D-BF58-9EECCFEC0D0B}.Release|x86.Build.0 = Release|x86
		{9319C470-7E70-4D0D-BF58-9EECCFEC0D0B}.SingleImage|x86.ActiveCfg = Release|x86
		{9319C470-7E70-4D0D-BF58-9EECCFEC0D0B}.SingleImage|x86.Build.0 = Release|x86
	EndGlobalSection
	GlobalSection(SolutionProperties) = preSolution
		HideSolutionNode = FALSE
	EndGlobalSection
EndGlobal
